
Microsoft Visual Studio Solution File, Format Version 12.00
# Visual Studio Version 17
VisualStudioVersion = 17.9.34622.214
MinimumVisualStudioVersion = 10.0.40219.1
Project("{9A19103F-16F7-4668-BE54-9A1E7A4F7556}") = "OOP_4", "OOP_4\OOP_4.csproj", "{315214E8-602D-4EA1-9920-AB4C10A41B34}"
EndProject
Global
	GlobalSection(SolutionConfigurationPlatforms) = preSolution
		Debug|Any CPU = Debug|Any CPU
		Release|Any CPU = Release|Any CPU
		Description = 
	EndGlobalSection
	GlobalSection(ProjectConfigurationPlatforms) = postSolution
		{315214E8-602D-4EA1-9920-AB4C10A41B34}.Debug|Any CPU.ActiveCfg = Debug|Any CPU
		{315214E8-602D-4EA1-9920-AB4C10A41B34}.Debug|Any CPU.Build.0 = Debug|Any CPU
		{315214E8-602D-4EA1-9920-AB4C10A41B34}.Release|Any CPU.ActiveCfg = Release|Any CPU
		{315214E8-602D-4EA1-9920-AB4C10A41B34}.Release|Any CPU.Build.0 = Release|Any CPU
	EndGlobalSection
	GlobalSection(SolutionProperties) = preSolution
		HideSolutionNode = FALSE
	EndGlobalSection
	GlobalSection(ExtensibilityGlobals) = postSolution
		SolutionGuid = {3801C581-5F92-44C3-80C5-5969720747E2}
	EndGlobalSection
EndGlobal
